// !$*UTF8*$!
{
	archiveVersion = 1;
	classes = {
	};
	objectVersion = 48;
	objects = {

/* Begin PBXBuildFile section */
		A6BBD7A21F93C13C001D942B /* AppDelegate.swift in Sources */ = {isa = PBXBuildFile; fileRef = A6BBD7A11F93C13C001D942B /* AppDelegate.swift */; };
		A6BBD7A71F93C13C001D942B /* Main.storyboard in Resources */ = {isa = PBXBuildFile; fileRef = A6BBD7A51F93C13C001D942B /* Main.storyboard */; };
		A6BBD7A91F93C13C001D942B /* Assets.xcassets in Resources */ = {isa = PBXBuildFile; fileRef = A6BBD7A81F93C13C001D942B /* Assets.xcassets */; };
		A6BBD7AC1F93C13C001D942B /* LaunchScreen.storyboard in Resources */ = {isa = PBXBuildFile; fileRef = A6BBD7AA1F93C13C001D942B /* LaunchScreen.storyboard */; };
		A6BBD7B71F93C13D001D942B /* PlanetUITests.swift in Sources */ = {isa = PBXBuildFile; fileRef = A6BBD7B61F93C13D001D942B /* PlanetUITests.swift */; };
		A6C222601F9FA74000F66FD4 /* GoalTableViewController.swift in Sources */ = {isa = PBXBuildFile; fileRef = A6C2225D1F9FA74000F66FD4 /* GoalTableViewController.swift */; };
		A6C222611F9FA74000F66FD4 /* GoalTableViewCell.swift in Sources */ = {isa = PBXBuildFile; fileRef = A6C2225E1F9FA74000F66FD4 /* GoalTableViewCell.swift */; };
		A6C222641F9FA7A100F66FD4 /* Goal.swift in Sources */ = {isa = PBXBuildFile; fileRef = A6C222631F9FA7A100F66FD4 /* Goal.swift */; };
/* End PBXBuildFile section */

/* Begin PBXContainerItemProxy section */
		A6BBD7B31F93C13D001D942B /* PBXContainerItemProxy */ = {
			isa = PBXContainerItemProxy;
			containerPortal = A6BBD7961F93C13C001D942B /* Project object */;
			proxyType = 1;
			remoteGlobalIDString = A6BBD79D1F93C13C001D942B;
			remoteInfo = Planet;
		};
/* End PBXContainerItemProxy section */

/* Begin PBXFileReference section */
		A6BBD79E1F93C13C001D942B /* Planet.app */ = {isa = PBXFileReference; explicitFileType = wrapper.application; includeInIndex = 0; path = Planet.app; sourceTree = BUILT_PRODUCTS_DIR; };
		A6BBD7A11F93C13C001D942B /* AppDelegate.swift */ = {isa = PBXFileReference; lastKnownFileType = sourcecode.swift; path = AppDelegate.swift; sourceTree = "<group>"; };
		A6BBD7A61F93C13C001D942B /* Base */ = {isa = PBXFileReference; lastKnownFileType = file.storyboard; name = Base; path = Base.lproj/Main.storyboard; sourceTree = "<group>"; };
		A6BBD7A81F93C13C001D942B /* Assets.xcassets */ = {isa = PBXFileReference; lastKnownFileType = folder.assetcatalog; path = Assets.xcassets; sourceTree = "<group>"; };
		A6BBD7AB1F93C13C001D942B /* Base */ = {isa = PBXFileReference; lastKnownFileType = file.storyboard; name = Base; path = Base.lproj/LaunchScreen.storyboard; sourceTree = "<group>"; };
		A6BBD7AD1F93C13C001D942B /* Info.plist */ = {isa = PBXFileReference; lastKnownFileType = text.plist.xml; path = Info.plist; sourceTree = "<group>"; };
		A6BBD7B21F93C13D001D942B /* PlanetUITests.xctest */ = {isa = PBXFileReference; explicitFileType = wrapper.cfbundle; includeInIndex = 0; path = PlanetUITests.xctest; sourceTree = BUILT_PRODUCTS_DIR; };
		A6BBD7B61F93C13D001D942B /* PlanetUITests.swift */ = {isa = PBXFileReference; lastKnownFileType = sourcecode.swift; path = PlanetUITests.swift; sourceTree = "<group>"; };
		A6BBD7B81F93C13D001D942B /* Info.plist */ = {isa = PBXFileReference; lastKnownFileType = text.plist.xml; path = Info.plist; sourceTree = "<group>"; };
		A6C2225D1F9FA74000F66FD4 /* GoalTableViewController.swift */ = {isa = PBXFileReference; fileEncoding = 4; lastKnownFileType = sourcecode.swift; path = GoalTableViewController.swift; sourceTree = "<group>"; };
		A6C2225E1F9FA74000F66FD4 /* GoalTableViewCell.swift */ = {isa = PBXFileReference; fileEncoding = 4; lastKnownFileType = sourcecode.swift; path = GoalTableViewCell.swift; sourceTree = "<group>"; };
		A6C222631F9FA7A100F66FD4 /* Goal.swift */ = {isa = PBXFileReference; lastKnownFileType = sourcecode.swift; path = Goal.swift; sourceTree = "<group>"; };
/* End PBXFileReference section */

/* Begin PBXFrameworksBuildPhase section */
		A6BBD79B1F93C13C001D942B /* Frameworks */ = {
			isa = PBXFrameworksBuildPhase;
			buildActionMask = 2147483647;
			files = (
			);
			runOnlyForDeploymentPostprocessing = 0;
		};
		A6BBD7AF1F93C13D001D942B /* Frameworks */ = {
			isa = PBXFrameworksBuildPhase;
			buildActionMask = 2147483647;
			files = (
			);
			runOnlyForDeploymentPostprocessing = 0;
		};
/* End PBXFrameworksBuildPhase section */

/* Begin PBXGroup section */
		A6BBD7951F93C13C001D942B = {
			isa = PBXGroup;
			children = (
				A6BBD7A01F93C13C001D942B /* Planet */,
				A6BBD7B51F93C13D001D942B /* PlanetUITests */,
				A6BBD79F1F93C13C001D942B /* Products */,
			);
			sourceTree = "<group>";
		};
		A6BBD79F1F93C13C001D942B /* Products */ = {
			isa = PBXGroup;
			children = (
				A6BBD79E1F93C13C001D942B /* Planet.app */,
				A6BBD7B21F93C13D001D942B /* PlanetUITests.xctest */,
			);
			name = Products;
			sourceTree = "<group>";
		};
		A6BBD7A01F93C13C001D942B /* Planet */ = {
			isa = PBXGroup;
			children = (
				A6C2225E1F9FA74000F66FD4 /* GoalTableViewCell.swift */,
				A6C2225D1F9FA74000F66FD4 /* GoalTableViewController.swift */,
				A6C222581F9FA70900F66FD4 /* Data */,
				A6BBD7A11F93C13C001D942B /* AppDelegate.swift */,
				A6BBD7A51F93C13C001D942B /* Main.storyboard */,
				A6BBD7A81F93C13C001D942B /* Assets.xcassets */,
				A6BBD7AA1F93C13C001D942B /* LaunchScreen.storyboard */,
				A6BBD7AD1F93C13C001D942B /* Info.plist */,
			);
			path = Planet;
			sourceTree = "<group>";
		};
		A6BBD7B51F93C13D001D942B /* PlanetUITests */ = {
			isa = PBXGroup;
			children = (
				A6BBD7B61F93C13D001D942B /* PlanetUITests.swift */,
				A6BBD7B81F93C13D001D942B /* Info.plist */,
			);
			path = PlanetUITests;
			sourceTree = "<group>";
		};
		A6C222581F9FA70900F66FD4 /* Data */ = {
			isa = PBXGroup;
			children = (
				A6C222631F9FA7A100F66FD4 /* Goal.swift */,
			);
			path = Data;
			sourceTree = "<group>";
		};
/* End PBXGroup section */

/* Begin PBXNativeTarget section */
		A6BBD79D1F93C13C001D942B /* Planet */ = {
			isa = PBXNativeTarget;
			buildConfigurationList = A6BBD7BB1F93C13D001D942B /* Build configuration list for PBXNativeTarget "Planet" */;
			buildPhases = (
				A6BBD79A1F93C13C001D942B /* Sources */,
				A6BBD79B1F93C13C001D942B /* Frameworks */,
				A6BBD79C1F93C13C001D942B /* Resources */,
			);
			buildRules = (
			);
			dependencies = (
			);
			name = Planet;
			productName = Planet;
			productReference = A6BBD79E1F93C13C001D942B /* Planet.app */;
			productType = "com.apple.product-type.application";
		};
		A6BBD7B11F93C13D001D942B /* PlanetUITests */ = {
			isa = PBXNativeTarget;
			buildConfigurationList = A6BBD7BE1F93C13D001D942B /* Build configuration list for PBXNativeTarget "PlanetUITests" */;
			buildPhases = (
				A6BBD7AE1F93C13D001D942B /* Sources */,
				A6BBD7AF1F93C13D001D942B /* Frameworks */,
				A6BBD7B01F93C13D001D942B /* Resources */,
			);
			buildRules = (
			);
			dependencies = (
				A6BBD7B41F93C13D001D942B /* PBXTargetDependency */,
			);
			name = PlanetUITests;
			productName = PlanetUITests;
			productReference = A6BBD7B21F93C13D001D942B /* PlanetUITests.xctest */;
			productType = "com.apple.product-type.bundle.ui-testing";
		};
/* End PBXNativeTarget section */

/* Begin PBXProject section */
		A6BBD7961F93C13C001D942B /* Project object */ = {
			isa = PBXProject;
			attributes = {
				LastSwiftUpdateCheck = 0900;
				LastUpgradeCheck = 0900;
				ORGANIZATIONNAME = "Josh Martine";
				TargetAttributes = {
					A6BBD79D1F93C13C001D942B = {
						CreatedOnToolsVersion = 9.0;
						ProvisioningStyle = Automatic;
					};
					A6BBD7B11F93C13D001D942B = {
						CreatedOnToolsVersion = 9.0;
						ProvisioningStyle = Automatic;
						TestTargetID = A6BBD79D1F93C13C001D942B;
					};
				};
			};
			buildConfigurationList = A6BBD7991F93C13C001D942B /* Build configuration list for PBXProject "Planet" */;
			compatibilityVersion = "Xcode 8.0";
			developmentRegion = en;
			hasScannedForEncodings = 0;
			knownRegions = (
				en,
				Base,
			);
			mainGroup = A6BBD7951F93C13C001D942B;
			productRefGroup = A6BBD79F1F93C13C001D942B /* Products */;
			projectDirPath = "";
			projectRoot = "";
			targets = (
				A6BBD79D1F93C13C001D942B /* Planet */,
				A6BBD7B11F93C13D001D942B /* PlanetUITests */,
			);
		};
/* End PBXProject section */

/* Begin PBXResourcesBuildPhase section */
		A6BBD79C1F93C13C001D942B /* Resources */ = {
			isa = PBXResourcesBuildPhase;
			buildActionMask = 2147483647;
			files = (
				A6BBD7AC1F93C13C001D942B /* LaunchScreen.storyboard in Resources */,
				A6BBD7A91F93C13C001D942B /* Assets.xcassets in Resources */,
				A6BBD7A71F93C13C001D942B /* Main.storyboard in Resources */,
			);
			runOnlyForDeploymentPostprocessing = 0;
		};
		A6BBD7B01F93C13D001D942B /* Resources */ = {
			isa = PBXResourcesBuildPhase;
			buildActionMask = 2147483647;
			files = (
			);
			runOnlyForDeploymentPostprocessing = 0;
		};
/* End PBXResourcesBuildPhase section */

/* Begin PBXSourcesBuildPhase section */
		A6BBD79A1F93C13C001D942B /* Sources */ = {
			isa = PBXSourcesBuildPhase;
			buildActionMask = 2147483647;
			files = (
				A6C222601F9FA74000F66FD4 /* GoalTableViewController.swift in Sources */,
				A6C222611F9FA74000F66FD4 /* GoalTableViewCell.swift in Sources */,
				A6C222641F9FA7A100F66FD4 /* Goal.swift in Sources */,
				A6BBD7A21F93C13C001D942B /* AppDelegate.swift in Sources */,
			);
			runOnlyForDeploymentPostprocessing = 0;
		};
		A6BBD7AE1F93C13D001D942B /* Sources */ = {
			isa = PBXSourcesBuildPhase;
			buildActionMask = 2147483647;
			files = (
				A6BBD7B71F93C13D001D942B /* PlanetUITests.swift in Sources */,
			);
			runOnlyForDeploymentPostprocessing = 0;
		};
/* End PBXSourcesBuildPhase section */

/* Begin PBXTargetDependency section */
		A6BBD7B41F93C13D001D942B /* PBXTargetDependency */ = {
			isa = PBXTargetDependency;
			target = A6BBD79D1F93C13C001D942B /* Planet */;
			targetProxy = A6BBD7B31F93C13D001D942B /* PBXContainerItemProxy */;
		};
/* End PBXTargetDependency section */

/* Begin PBXVariantGroup section */
		A6BBD7A51F93C13C001D942B /* Main.storyboard */ = {
			isa = PBXVariantGroup;
			children = (
				A6BBD7A61F93C13C001D942B /* Base */,
			);
			name = Main.storyboard;
			sourceTree = "<group>";
		};
		A6BBD7AA1F93C13C001D942B /* LaunchScreen.storyboard */ = {
			isa = PBXVariantGroup;
			children = (
				A6BBD7AB1F93C13C001D942B /* Base */,
			);
			name = LaunchScreen.storyboard;
			sourceTree = "<group>";
		};
/* End PBXVariantGroup section */

/* Begin XCBuildConfiguration section */
		A6BBD7B91F93C13D001D942B /* Debug */ = {
			isa = XCBuildConfiguration;
			buildSettings = {
				ALWAYS_SEARCH_USER_PATHS = NO;
				CLANG_ANALYZER_NONNULL = YES;
				CLANG_ANALYZER_NUMBER_OBJECT_CONVERSION = YES_AGGRESSIVE;
				CLANG_CXX_LANGUAGE_STANDARD = "gnu++14";
				CLANG_CXX_LIBRARY = "libc++";
				CLANG_ENABLE_MODULES = YES;
				CLANG_ENABLE_OBJC_ARC = YES;
				CLANG_WARN_BLOCK_CAPTURE_AUTORELEASING = YES;
				CLANG_WARN_BOOL_CONVERSION = YES;
				CLANG_WARN_COMMA = YES;
				CLANG_WARN_CONSTANT_CONVERSION = YES;
				CLANG_WARN_DIRECT_OBJC_ISA_USAGE = YES_ERROR;
				CLANG_WARN_DOCUMENTATION_COMMENTS = YES;
				CLANG_WARN_EMPTY_BODY = YES;
				CLANG_WARN_ENUM_CONVERSION = YES;
				CLANG_WARN_INFINITE_RECURSION = YES;
				CLANG_WARN_INT_CONVERSION = YES;
				CLANG_WARN_NON_LITERAL_NULL_CONVERSION = YES;
				CLANG_WARN_OBJC_LITERAL_CONVERSION = YES;
				CLANG_WARN_OBJC_ROOT_CLASS = YES_ERROR;
				CLANG_WARN_RANGE_LOOP_ANALYSIS = YES;
				CLANG_WARN_STRICT_PROTOTYPES = YES;
				CLANG_WARN_SUSPICIOUS_MOVE = YES;
				CLANG_WARN_UNGUARDED_AVAILABILITY = YES_AGGRESSIVE;
				CLANG_WARN_UNREACHABLE_CODE = YES;
				CLANG_WARN__DUPLICATE_METHOD_MATCH = YES;
				CODE_SIGN_IDENTITY = "iPhone Developer";
				COPY_PHASE_STRIP = NO;
				DEBUG_INFORMATION_FORMAT = dwarf;
				ENABLE_STRICT_OBJC_MSGSEND = YES;
				ENABLE_TESTABILITY = YES;
				GCC_C_LANGUAGE_STANDARD = gnu11;
				GCC_DYNAMIC_NO_PIC = NO;
				GCC_NO_COMMON_BLOCKS = YES;
				GCC_OPTIMIZATION_LEVEL = 0;
				GCC_PREPROCESSOR_DEFINITIONS = (
					"DEBUG=1",
					"$(inherited)",
				);
				GCC_WARN_64_TO_32_BIT_CONVERSION = YES;
				GCC_WARN_ABOUT_RETURN_TYPE = YES_ERROR;
				GCC_WARN_UNDECLARED_SELECTOR = YES;
				GCC_WARN_UNINITIALIZED_AUTOS = YES_AGGRESSIVE;
				GCC_WARN_UNUSED_FUNCTION = YES;
				GCC_WARN_UNUSED_VARIABLE = YES;
				IPHONEOS_DEPLOYMENT_TARGET = 11.0;
				MTL_ENABLE_DEBUG_INFO = YES;
				ONLY_ACTIVE_ARCH = YES;
				SDKROOT = iphoneos;
				SWIFT_ACTIVE_COMPILATION_CONDITIONS = DEBUG;
				SWIFT_OPTIMIZATION_LEVEL = "-Onone";
			};
			name = Debug;
		};
		A6BBD7BA1F93C13D001D942B /* Release */ = {
			isa = XCBuildConfiguration;
			buildSettings = {
				ALWAYS_SEARCH_USER_PATHS = NO;
				CLANG_ANALYZER_NONNULL = YES;
				CLANG_ANALYZER_NUMBER_OBJECT_CONVERSION = YES_AGGRESSIVE;
				CLANG_CXX_LANGUAGE_STANDARD = "gnu++14";
				CLANG_CXX_LIBRARY = "libc++";
				CLANG_ENABLE_MODULES = YES;
				CLANG_ENABLE_OBJC_ARC = YES;
				CLANG_WARN_BLOCK_CAPTURE_AUTORELEASING = YES;
				CLANG_WARN_BOOL_CONVERSION = YES;
				CLANG_WARN_COMMA = YES;
				CLANG_WARN_CONSTANT_CONVERSION = YES;
				CLANG_WARN_DIRECT_OBJC_ISA_USAGE = YES_ERROR;
				CLANG_WARN_DOCUMENTATION_COMMENTS = YES;
				CLANG_WARN_EMPTY_BODY = YES;
				CLANG_WARN_ENUM_CONVERSION = YES;
				CLANG_WARN_INFINITE_RECURSION = YES;
				CLANG_WARN_INT_CONVERSION = YES;
				CLANG_WARN_NON_LITERAL_NULL_CONVERSION = YES;
				CLANG_WARN_OBJC_LITERAL_CONVERSION = YES;
				CLANG_WARN_OBJC_ROOT_CLASS = YES_ERROR;
				CLANG_WARN_RANGE_LOOP_ANALYSIS = YES;
				CLANG_WARN_STRICT_PROTOTYPES = YES;
				CLANG_WARN_SUSPICIOUS_MOVE = YES;
				CLANG_WARN_UNGUARDED_AVAILABILITY = YES_AGGRESSIVE;
				CLANG_WARN_UNREACHABLE_CODE = YES;
				CLANG_WARN__DUPLICATE_METHOD_MATCH = YES;
				CODE_SIGN_IDENTITY = "iPhone Developer";
				COPY_PHASE_STRIP = NO;
				DEBUG_INFORMATION_FORMAT = "dwarf-with-dsym";
				ENABLE_NS_ASSERTIONS = NO;
				ENABLE_STRICT_OBJC_MSGSEND = YES;
				GCC_C_LANGUAGE_STANDARD = gnu11;
				GCC_NO_COMMON_BLOCKS = YES;
				GCC_WARN_64_TO_32_BIT_CONVERSION = YES;
				GCC_WARN_ABOUT_RETURN_TYPE = YES_ERROR;
				GCC_WARN_UNDECLARED_SELECTOR = YES;
				GCC_WARN_UNINITIALIZED_AUTOS = YES_AGGRESSIVE;
				GCC_WARN_UNUSED_FUNCTION = YES;
				GCC_WARN_UNUSED_VARIABLE = YES;
				IPHONEOS_DEPLOYMENT_TARGET = 11.0;
				MTL_ENABLE_DEBUG_INFO = NO;
				SDKROOT = iphoneos;
				SWIFT_OPTIMIZATION_LEVEL = "-Owholemodule";
				VALIDATE_PRODUCT = YES;
			};
			name = Release;
		};
		A6BBD7BC1F93C13D001D942B /* Debug */ = {
			isa = XCBuildConfiguration;
			buildSettings = {
				ASSETCATALOG_COMPILER_APPICON_NAME = AppIcon;
				CODE_SIGN_STYLE = Automatic;
				DEVELOPMENT_TEAM = 3JEE9WM9NY;
				INFOPLIST_FILE = Planet/Info.plist;
				LD_RUNPATH_SEARCH_PATHS = "$(inherited) @executable_path/Frameworks";
				PRODUCT_BUNDLE_IDENTIFIER = io.github.sympdev.Planet;
				PRODUCT_NAME = "$(TARGET_NAME)";
				SWIFT_VERSION = 4.0;
				TARGETED_DEVICE_FAMILY = "1,2";
			};
			name = Debug;
		};
		A6BBD7BD1F93C13D001D942B /* Release */ = {
			isa = XCBuildConfiguration;
			buildSettings = {
				ASSETCATALOG_COMPILER_APPICON_NAME = AppIcon;
				CODE_SIGN_STYLE = Automatic;
				DEVELOPMENT_TEAM = 3JEE9WM9NY;
				INFOPLIST_FILE = Planet/Info.plist;
				LD_RUNPATH_SEARCH_PATHS = "$(inherited) @executable_path/Frameworks";
				PRODUCT_BUNDLE_IDENTIFIER = io.github.sympdev.Planet;
				PRODUCT_NAME = "$(TARGET_NAME)";
				SWIFT_VERSION = 4.0;
				TARGETED_DEVICE_FAMILY = "1,2";
			};
			name = Release;
		};
		A6BBD7BF1F93C13D001D942B /* Debug */ = {
			isa = XCBuildConfiguration;
			buildSettings = {
				ALWAYS_EMBED_SWIFT_STANDARD_LIBRARIES = YES;
				CODE_SIGN_STYLE = Automatic;
				DEVELOPMENT_TEAM = 3JEE9WM9NY;
				INFOPLIST_FILE = PlanetUITests/Info.plist;
				LD_RUNPATH_SEARCH_PATHS = "$(inherited) @executable_path/Frameworks @loader_path/Frameworks";
				PRODUCT_BUNDLE_IDENTIFIER = io.github.sympdev.PlanetUITests;
				PRODUCT_NAME = "$(TARGET_NAME)";
				SWIFT_VERSION = 4.0;
				TARGETED_DEVICE_FAMILY = "1,2";
				TEST_TARGET_NAME = Planet;
			};
			name = Debug;
		};
		A6BBD7C01F93C13D001D942B /* Release */ = {
			isa = XCBuildConfiguration;
			buildSettings = {
				ALWAYS_EMBED_SWIFT_STANDARD_LIBRARIES = YES;
				CODE_SIGN_STYLE = Automatic;
				DEVELOPMENT_TEAM = 3JEE9WM9NY;
				INFOPLIST_FILE = PlanetUITests/Info.plist;
				LD_RUNPATH_SEARCH_PATHS = "$(inherited) @executable_path/Frameworks @loader_path/Frameworks";
				PRODUCT_BUNDLE_IDENTIFIER = io.github.sympdev.PlanetUITests;
				PRODUCT_NAME = "$(TARGET_NAME)";
				SWIFT_VERSION = 4.0;
				TARGETED_DEVICE_FAMILY = "1,2";
				TEST_TARGET_NAME = Planet;
			};
			name = Release;
		};
/* End XCBuildConfiguration section */

/* Begin XCConfigurationList section */
		A6BBD7991F93C13C001D942B /* Build configuration list for PBXProject "Planet" */ = {
			isa = XCConfigurationList;
			buildConfigurations = (
				A6BBD7B91F93C13D001D942B /* Debug */,
				A6BBD7BA1F93C13D001D942B /* Release */,
			);
			defaultConfigurationIsVisible = 0;
			defaultConfigurationName = Release;
		};
		A6BBD7BB1F93C13D001D942B /* Build configuration list for PBXNativeTarget "Planet" */ = {
			isa = XCConfigurationList;
			buildConfigurations = (
				A6BBD7BC1F93C13D001D942B /* Debug */,
				A6BBD7BD1F93C13D001D942B /* Release */,
			);
			defaultConfigurationIsVisible = 0;
			defaultConfigurationName = Release;
		};
		A6BBD7BE1F93C13D001D942B /* Build configuration list for PBXNativeTarget "PlanetUITests" */ = {
			isa = XCConfigurationList;
			buildConfigurations = (
				A6BBD7BF1F93C13D001D942B /* Debug */,
				A6BBD7C01F93C13D001D942B /* Release */,
			);
			defaultConfigurationIsVisible = 0;
			defaultConfigurationName = Release;
		};
/* End XCConfigurationList section */
	};
	rootObject = A6BBD7961F93C13C001D942B /* Project object */;
}
